// !$*UTF8*$!
{
	archiveVersion = 1;
	classes = {
	};
	objectVersion = 77;
	objects = {

/* Begin PBXContainerItemProxy section */
		C6741A7A2D006CDE0014E953 /* PBXContainerItemProxy */ = {
			isa = PBXContainerItemProxy;
			containerPortal = C6741A5B2D006CDC0014E953 /* Project object */;
			proxyType = 1;
			remoteGlobalIDString = C6741A622D006CDC0014E953;
			remoteInfo = piazza;
		};
		C6741A842D006CDE0014E953 /* PBXContainerItemProxy */ = {
			isa = PBXContainerItemProxy;
			containerPortal = C6741A5B2D006CDC0014E953 /* Project object */;
			proxyType = 1;
			remoteGlobalIDString = C6741A622D006CDC0014E953;
			remoteInfo = piazza;
		};
/* End PBXContainerItemProxy section */

/* Begin PBXFileReference section */
		C6741A632D006CDC0014E953 /* piazza.app */ = {isa = PBXFileReference; explicitFileType = wrapper.application; includeInIndex = 0; path = piazza.app; sourceTree = BUILT_PRODUCTS_DIR; };
		C6741A792D006CDE0014E953 /* piazzaTests.xctest */ = {isa = PBXFileReference; explicitFileType = wrapper.cfbundle; includeInIndex = 0; path = piazzaTests.xctest; sourceTree = BUILT_PRODUCTS_DIR; };
		C6741A832D006CDE0014E953 /* piazzaUITests.xctest */ = {isa = PBXFileReference; explicitFileType = wrapper.cfbundle; includeInIndex = 0; path = piazzaUITests.xctest; sourceTree = BUILT_PRODUCTS_DIR; };
/* End PBXFileReference section */

/* Begin PBXFileSystemSynchronizedBuildFileExceptionSet section */
		C6741A8B2D006CDE0014E953 /* Exceptions for "piazza" folder in "piazza" target */ = {
			isa = PBXFileSystemSynchronizedBuildFileExceptionSet;
			membershipExceptions = (
				Info.plist,
			);
			target = C6741A622D006CDC0014E953 /* piazza */;
		};
/* End PBXFileSystemSynchronizedBuildFileExceptionSet section */

/* Begin PBXFileSystemSynchronizedRootGroup section */
		C6741A652D006CDC0014E953 /* piazza */ = {
			isa = PBXFileSystemSynchronizedRootGroup;
			exceptions = (
				C6741A8B2D006CDE0014E953 /* Exceptions for "piazza" folder in "piazza" target */,
			);
			path = piazza;
			sourceTree = "<group>";
		};
		C6741A7C2D006CDE0014E953 /* piazzaTests */ = {
			isa = PBXFileSystemSynchronizedRootGroup;
			path = piazzaTests;
			sourceTree = "<group>";
		};
		C6741A862D006CDE0014E953 /* piazzaUITests */ = {
			isa = PBXFileSystemSynchronizedRootGroup;
			path = piazzaUITests;
			sourceTree = "<group>";
		};
/* End PBXFileSystemSynchronizedRootGroup section */

/* Begin PBXFrameworksBuildPhase section */
		C6741A602D006CDC0014E953 /* Frameworks */ = {
			isa = PBXFrameworksBuildPhase;
			buildActionMask = 2147483647;
			files = (
			);
			runOnlyForDeploymentPostprocessing = 0;
		};
		C6741A762D006CDE0014E953 /* Frameworks */ = {
			isa = PBXFrameworksBuildPhase;
			buildActionMask = 2147483647;
			files = (
			);
			runOnlyForDeploymentPostprocessing = 0;
		};
		C6741A802D006CDE0014E953 /* Frameworks */ = {
			isa = PBXFrameworksBuildPhase;
			buildActionMask = 2147483647;
			files = (
			);
			runOnlyForDeploymentPostprocessing = 0;
		};
/* End PBXFrameworksBuildPhase section */

/* Begin PBXGroup section */
		C6741A5A2D006CDC0014E953 = {
			isa = PBXGroup;
			children = (
				C6741A652D006CDC0014E953 /* piazza */,
				C6741A7C2D006CDE0014E953 /* piazzaTests */,
				C6741A862D006CDE0014E953 /* piazzaUITests */,
				C6741A642D006CDC0014E953 /* Products */,
			);
			sourceTree = "<group>";
		};
		C6741A642D006CDC0014E953 /* Products */ = {
			isa = PBXGroup;
			children = (
				C6741A632D006CDC0014E953 /* piazza.app */,
				C6741A792D006CDE0014E953 /* piazzaTests.xctest */,
				C6741A832D006CDE0014E953 /* piazzaUITests.xctest */,
			);
			name = Products;
			sourceTree = "<group>";
		};
/* End PBXGroup section */

/* Begin PBXNativeTarget section */
		C6741A622D006CDC0014E953 /* piazza */ = {
			isa = PBXNativeTarget;
			buildConfigurationList = C6741A8C2D006CDE0014E953 /* Build configuration list for PBXNativeTarget "piazza" */;
			buildPhases = (
				C6741A5F2D006CDC0014E953 /* Sources */,
				C6741A602D006CDC0014E953 /* Frameworks */,
				C6741A612D006CDC0014E953 /* Resources */,
			);
			buildRules = (
			);
			dependencies = (
			);
			fileSystemSynchronizedGroups = (
				C6741A652D006CDC0014E953 /* piazza */,
			);
			name = piazza;
			packageProductDependencies = (
			);
			productName = piazza;
			productReference = C6741A632D006CDC0014E953 /* piazza.app */;
			productType = "com.apple.product-type.application";
		};
		C6741A782D006CDE0014E953 /* piazzaTests */ = {
			isa = PBXNativeTarget;
			buildConfigurationList = C6741A912D006CDE0014E953 /* Build configuration list for PBXNativeTarget "piazzaTests" */;
			buildPhases = (
				C6741A752D006CDE0014E953 /* Sources */,
				C6741A762D006CDE0014E953 /* Frameworks */,
				C6741A772D006CDE0014E953 /* Resources */,
			);
			buildRules = (
			);
			dependencies = (
				C6741A7B2D006CDE0014E953 /* PBXTargetDependency */,
			);
			fileSystemSynchronizedGroups = (
				C6741A7C2D006CDE0014E953 /* piazzaTests */,
			);
			name = piazzaTests;
			packageProductDependencies = (
			);
			productName = piazzaTests;
			productReference = C6741A792D006CDE0014E953 /* piazzaTests.xctest */;
			productType = "com.apple.product-type.bundle.unit-test";
		};
		C6741A822D006CDE0014E953 /* piazzaUITests */ = {
			isa = PBXNativeTarget;
			buildConfigurationList = C6741A942D006CDE0014E953 /* Build configuration list for PBXNativeTarget "piazzaUITests" */;
			buildPhases = (
				C6741A7F2D006CDE0014E953 /* Sources */,
				C6741A802D006CDE0014E953 /* Frameworks */,
				C6741A812D006CDE0014E953 /* Resources */,
			);
			buildRules = (
			);
			dependencies = (
				C6741A852D006CDE0014E953 /* PBXTargetDependency */,
			);
			fileSystemSynchronizedGroups = (
				C6741A862D006CDE0014E953 /* piazzaUITests */,
			);
			name = piazzaUITests;
			packageProductDependencies = (
			);
			productName = piazzaUITests;
			productReference = C6741A832D006CDE0014E953 /* piazzaUITests.xctest */;
			productType = "com.apple.product-type.bundle.ui-testing";
		};
/* End PBXNativeTarget section */

/* Begin PBXProject section */
		C6741A5B2D006CDC0014E953 /* Project object */ = {
			isa = PBXProject;
			attributes = {
				BuildIndependentTargetsInParallel = 1;
				LastSwiftUpdateCheck = 1610;
				LastUpgradeCheck = 1610;
				TargetAttributes = {
					C6741A622D006CDC0014E953 = {
						CreatedOnToolsVersion = 16.1;
					};
					C6741A782D006CDE0014E953 = {
						CreatedOnToolsVersion = 16.1;
						TestTargetID = C6741A622D006CDC0014E953;
					};
					C6741A822D006CDE0014E953 = {
						CreatedOnToolsVersion = 16.1;
						TestTargetID = C6741A622D006CDC0014E953;
					};
				};
			};
			buildConfigurationList = C6741A5E2D006CDC0014E953 /* Build configuration list for PBXProject "piazza" */;
			developmentRegion = en;
			hasScannedForEncodings = 0;
			knownRegions = (
				en,
				Base,
			);
			mainGroup = C6741A5A2D006CDC0014E953;
			minimizedProjectReferenceProxies = 1;
			packageReferences = (
				C6D4D2672D006DEB00C2F731 /* XCRemoteSwiftPackageReference "turbo-ios" */,
				C6D4D2682D006DFA00C2F731 /* XCRemoteSwiftPackageReference "strada-ios" */,
			);
			preferredProjectObjectVersion = 77;
			productRefGroup = C6741A642D006CDC0014E953 /* Products */;
			projectDirPath = "";
			projectRoot = "";
			targets = (
				C6741A622D006CDC0014E953 /* piazza */,
				C6741A782D006CDE0014E953 /* piazzaTests */,
				C6741A822D006CDE0014E953 /* piazzaUITests */,
			);
		};
/* End PBXProject section */

/* Begin PBXResourcesBuildPhase section */
		C6741A612D006CDC0014E953 /* Resources */ = {
			isa = PBXResourcesBuildPhase;
			buildActionMask = 2147483647;
			files = (
			);
			runOnlyForDeploymentPostprocessing = 0;
		};
		C6741A772D006CDE0014E953 /* Resources */ = {
			isa = PBXResourcesBuildPhase;
			buildActionMask = 2147483647;
			files = (
			);
			runOnlyForDeploymentPostprocessing = 0;
		};
		C6741A812D006CDE0014E953 /* Resources */ = {
			isa = PBXResourcesBuildPhase;
			buildActionMask = 2147483647;
			files = (
			);
			runOnlyForDeploymentPostprocessing = 0;
		};
/* End PBXResourcesBuildPhase section */

/* Begin PBXSourcesBuildPhase section */
		C6741A5F2D006CDC0014E953 /* Sources */ = {
			isa = PBXSourcesBuildPhase;
			buildActionMask = 2147483647;
			files = (
			);
			runOnlyForDeploymentPostprocessing = 0;
		};
		C6741A752D006CDE0014E953 /* Sources */ = {
			isa = PBXSourcesBuildPhase;
			buildActionMask = 2147483647;
			files = (
			);
			runOnlyForDeploymentPostprocessing = 0;
		};
		C6741A7F2D006CDE0014E953 /* Sources */ = {
			isa = PBXSourcesBuildPhase;
			buildActionMask = 2147483647;
			files = (
			);
			runOnlyForDeploymentPostprocessing = 0;
		};
/* End PBXSourcesBuildPhase section */

/* Begin PBXTargetDependency section */
		C6741A7B2D006CDE0014E953 /* PBXTargetDependency */ = {
			isa = PBXTargetDependency;
			target = C6741A622D006CDC0014E953 /* piazza */;
			targetProxy = C6741A7A2D006CDE0014E953 /* PBXContainerItemProxy */;
		};
		C6741A852D006CDE0014E953 /* PBXTargetDependency */ = {
			isa = PBXTargetDependency;
			target = C6741A622D006CDC0014E953 /* piazza */;
			targetProxy = C6741A842D006CDE0014E953 /* PBXContainerItemProxy */;
		};
/* End PBXTargetDependency section */

/* Begin XCBuildConfiguration section */
		C6741A8D2D006CDE0014E953 /* Debug */ = {
			isa = XCBuildConfiguration;
			buildSettings = {
				ASSETCATALOG_COMPILER_APPICON_NAME = AppIcon;
				ASSETCATALOG_COMPILER_GLOBAL_ACCENT_COLOR_NAME = AccentColor;
				CODE_SIGN_STYLE = Automatic;
				CURRENT_PROJECT_VERSION = 1;
				DEVELOPMENT_TEAM = H5G4GEEUX3;
				GENERATE_INFOPLIST_FILE = YES;
				INFOPLIST_FILE = piazza/Info.plist;
				INFOPLIST_KEY_UIApplicationSupportsIndirectInputEvents = YES;
				INFOPLIST_KEY_UILaunchStoryboardName = LaunchScreen;
				INFOPLIST_KEY_UIMainStoryboardFile = Main;
				INFOPLIST_KEY_UISupportedInterfaceOrientations_iPad = "UIInterfaceOrientationPortrait UIInterfaceOrientationPortraitUpsideDown UIInterfaceOrientationLandscapeLeft UIInterfaceOrientationLandscapeRight";
				INFOPLIST_KEY_UISupportedInterfaceOrientations_iPhone = "UIInterfaceOrientationPortrait UIInterfaceOrientationLandscapeLeft UIInterfaceOrientationLandscapeRight";
				LD_RUNPATH_SEARCH_PATHS = (
					"$(inherited)",
					"@executable_path/Frameworks",
				);
				MARKETING_VERSION = 1.0;
				PRODUCT_BUNDLE_IDENTIFIER = com.itsgg.sample.piazza;
				PRODUCT_NAME = "$(TARGET_NAME)";
				SWIFT_EMIT_LOC_STRINGS = YES;
				SWIFT_VERSION = 5.0;
				TARGETED_DEVICE_FAMILY = "1,2";
			};
			name = Debug;
		};
		C6741A8E2D006CDE0014E953 /* Release */ = {
			isa = XCBuildConfiguration;
			buildSettings = {
				ASSETCATALOG_COMPILER_APPICON_NAME = AppIcon;
				ASSETCATALOG_COMPILER_GLOBAL_ACCENT_COLOR_NAME = AccentColor;
				CODE_SIGN_STYLE = Automatic;
				CURRENT_PROJECT_VERSION = 1;
				DEVELOPMENT_TEAM = H5G4GEEUX3;
				GENERATE_INFOPLIST_FILE = YES;
				INFOPLIST_FILE = piazza/Info.plist;
				INFOPLIST_KEY_UIApplicationSupportsIndirectInputEvents = YES;
				INFOPLIST_KEY_UILaunchStoryboardName = LaunchScreen;
				INFOPLIST_KEY_UIMainStoryboardFile = Main;
				INFOPLIST_KEY_UISupportedInterfaceOrientations_iPad = "UIInterfaceOrientationPortrait UIInterfaceOrientationPortraitUpsideDown UIInterfaceOrientationLandscapeLeft UIInterfaceOrientationLandscapeRight";
				INFOPLIST_KEY_UISupportedInterfaceOrientations_iPhone = "UIInterfaceOrientationPortrait UIInterfaceOrientationLandscapeLeft UIInterfaceOrientationLandscapeRight";
				LD_RUNPATH_SEARCH_PATHS = (
					"$(inherited)",
					"@executable_path/Frameworks",
				);
				MARKETING_VERSION = 1.0;
				PRODUCT_BUNDLE_IDENTIFIER = com.itsgg.sample.piazza;
				PRODUCT_NAME = "$(TARGET_NAME)";
				SWIFT_EMIT_LOC_STRINGS = YES;
				SWIFT_VERSION = 5.0;
				TARGETED_DEVICE_FAMILY = "1,2";
			};
			name = Release;
		};
		C6741A8F2D006CDE0014E953 /* Debug */ = {
			isa = XCBuildConfiguration;
			buildSettings = {
				ALWAYS_SEARCH_USER_PATHS = NO;
				ASSETCATALOG_COMPILER_GENERATE_SWIFT_ASSET_SYMBOL_EXTENSIONS = YES;
				CLANG_ANALYZER_NONNULL = YES;
				CLANG_ANALYZER_NUMBER_OBJECT_CONVERSION = YES_AGGRESSIVE;
				CLANG_CXX_LANGUAGE_STANDARD = "gnu++20";
				CLANG_ENABLE_MODULES = YES;
				CLANG_ENABLE_OBJC_ARC = YES;
				CLANG_ENABLE_OBJC_WEAK = YES;
				CLANG_WARN_BLOCK_CAPTURE_AUTORELEASING = YES;
				CLANG_WARN_BOOL_CONVERSION = YES;
				CLANG_WARN_COMMA = YES;
				CLANG_WARN_CONSTANT_CONVERSION = YES;
				CLANG_WARN_DEPRECATED_OBJC_IMPLEMENTATIONS = YES;
				CLANG_WARN_DIRECT_OBJC_ISA_USAGE = YES_ERROR;
				CLANG_WARN_DOCUMENTATION_COMMENTS = YES;
				CLANG_WARN_EMPTY_BODY = YES;
				CLANG_WARN_ENUM_CONVERSION = YES;
				CLANG_WARN_INFINITE_RECURSION = YES;
				CLANG_WARN_INT_CONVERSION = YES;
				CLANG_WARN_NON_LITERAL_NULL_CONVERSION = YES;
				CLANG_WARN_OBJC_IMPLICIT_RETAIN_SELF = YES;
				CLANG_WARN_OBJC_LITERAL_CONVERSION = YES;
				CLANG_WARN_OBJC_ROOT_CLASS = YES_ERROR;
				CLANG_WARN_QUOTED_INCLUDE_IN_FRAMEWORK_HEADER = YES;
				CLANG_WARN_RANGE_LOOP_ANALYSIS = YES;
				CLANG_WARN_STRICT_PROTOTYPES = YES;
				CLANG_WARN_SUSPICIOUS_MOVE = YES;
				CLANG_WARN_UNGUARDED_AVAILABILITY = YES_AGGRESSIVE;
				CLANG_WARN_UNREACHABLE_CODE = YES;
				CLANG_WARN__DUPLICATE_METHOD_MATCH = YES;
				COPY_PHASE_STRIP = NO;
				DEBUG_INFORMATION_FORMAT = dwarf;
				ENABLE_STRICT_OBJC_MSGSEND = YES;
				ENABLE_TESTABILITY = YES;
				ENABLE_USER_SCRIPT_SANDBOXING = YES;
				GCC_C_LANGUAGE_STANDARD = gnu17;
				GCC_DYNAMIC_NO_PIC = NO;
				GCC_NO_COMMON_BLOCKS = YES;
				GCC_OPTIMIZATION_LEVEL = 0;
				GCC_PREPROCESSOR_DEFINITIONS = (
					"DEBUG=1",
					"$(inherited)",
				);
				GCC_WARN_64_TO_32_BIT_CONVERSION = YES;
				GCC_WARN_ABOUT_RETURN_TYPE = YES_ERROR;
				GCC_WARN_UNDECLARED_SELECTOR = YES;
				GCC_WARN_UNINITIALIZED_AUTOS = YES_AGGRESSIVE;
				GCC_WARN_UNUSED_FUNCTION = YES;
				GCC_WARN_UNUSED_VARIABLE = YES;
				IPHONEOS_DEPLOYMENT_TARGET = 18.1;
				LOCALIZATION_PREFERS_STRING_CATALOGS = YES;
				MTL_ENABLE_DEBUG_INFO = INCLUDE_SOURCE;
				MTL_FAST_MATH = YES;
				ONLY_ACTIVE_ARCH = YES;
				SDKROOT = iphoneos;
				SWIFT_ACTIVE_COMPILATION_CONDITIONS = "DEBUG $(inherited)";
				SWIFT_OPTIMIZATION_LEVEL = "-Onone";
			};
			name = Debug;
		};
		C6741A902D006CDE0014E953 /* Release */ = {
			isa = XCBuildConfiguration;
			buildSettings = {
				ALWAYS_SEARCH_USER_PATHS = NO;
				ASSETCATALOG_COMPILER_GENERATE_SWIFT_ASSET_SYMBOL_EXTENSIONS = YES;
				CLANG_ANALYZER_NONNULL = YES;
				CLANG_ANALYZER_NUMBER_OBJECT_CONVERSION = YES_AGGRESSIVE;
				CLANG_CXX_LANGUAGE_STANDARD = "gnu++20";
				CLANG_ENABLE_MODULES = YES;
				CLANG_ENABLE_OBJC_ARC = YES;
				CLANG_ENABLE_OBJC_WEAK = YES;
				CLANG_WARN_BLOCK_CAPTURE_AUTORELEASING = YES;
				CLANG_WARN_BOOL_CONVERSION = YES;
				CLANG_WARN_COMMA = YES;
				CLANG_WARN_CONSTANT_CONVERSION = YES;
				CLANG_WARN_DEPRECATED_OBJC_IMPLEMENTATIONS = YES;
				CLANG_WARN_DIRECT_OBJC_ISA_USAGE = YES_ERROR;
				CLANG_WARN_DOCUMENTATION_COMMENTS = YES;
				CLANG_WARN_EMPTY_BODY = YES;
				CLANG_WARN_ENUM_CONVERSION = YES;
				CLANG_WARN_INFINITE_RECURSION = YES;
				CLANG_WARN_INT_CONVERSION = YES;
				CLANG_WARN_NON_LITERAL_NULL_CONVERSION = YES;
				CLANG_WARN_OBJC_IMPLICIT_RETAIN_SELF = YES;
				CLANG_WARN_OBJC_LITERAL_CONVERSION = YES;
				CLANG_WARN_OBJC_ROOT_CLASS = YES_ERROR;
				CLANG_WARN_QUOTED_INCLUDE_IN_FRAMEWORK_HEADER = YES;
				CLANG_WARN_RANGE_LOOP_ANALYSIS = YES;
				CLANG_WARN_STRICT_PROTOTYPES = YES;
				CLANG_WARN_SUSPICIOUS_MOVE = YES;
				CLANG_WARN_UNGUARDED_AVAILABILITY = YES_AGGRESSIVE;
				CLANG_WARN_UNREACHABLE_CODE = YES;
				CLANG_WARN__DUPLICATE_METHOD_MATCH = YES;
				COPY_PHASE_STRIP = NO;
				DEBUG_INFORMATION_FORMAT = "dwarf-with-dsym";
				ENABLE_NS_ASSERTIONS = NO;
				ENABLE_STRICT_OBJC_MSGSEND = YES;
				ENABLE_USER_SCRIPT_SANDBOXING = YES;
				GCC_C_LANGUAGE_STANDARD = gnu17;
				GCC_NO_COMMON_BLOCKS = YES;
				GCC_WARN_64_TO_32_BIT_CONVERSION = YES;
				GCC_WARN_ABOUT_RETURN_TYPE = YES_ERROR;
				GCC_WARN_UNDECLARED_SELECTOR = YES;
				GCC_WARN_UNINITIALIZED_AUTOS = YES_AGGRESSIVE;
				GCC_WARN_UNUSED_FUNCTION = YES;
				GCC_WARN_UNUSED_VARIABLE = YES;
				IPHONEOS_DEPLOYMENT_TARGET = 18.1;
				LOCALIZATION_PREFERS_STRING_CATALOGS = YES;
				MTL_ENABLE_DEBUG_INFO = NO;
				MTL_FAST_MATH = YES;
				SDKROOT = iphoneos;
				SWIFT_COMPILATION_MODE = wholemodule;
				VALIDATE_PRODUCT = YES;
			};
			name = Release;
		};
		C6741A922D006CDE0014E953 /* Debug */ = {
			isa = XCBuildConfiguration;
			buildSettings = {
				BUNDLE_LOADER = "$(TEST_HOST)";
				CODE_SIGN_STYLE = Automatic;
				CURRENT_PROJECT_VERSION = 1;
				DEVELOPMENT_TEAM = H5G4GEEUX3;
				GENERATE_INFOPLIST_FILE = YES;
				IPHONEOS_DEPLOYMENT_TARGET = 18.1;
				MARKETING_VERSION = 1.0;
				PRODUCT_BUNDLE_IDENTIFIER = com.itsgg.sample.piazzaTests;
				PRODUCT_NAME = "$(TARGET_NAME)";
				SWIFT_EMIT_LOC_STRINGS = NO;
				SWIFT_VERSION = 5.0;
				TARGETED_DEVICE_FAMILY = "1,2";
				TEST_HOST = "$(BUILT_PRODUCTS_DIR)/piazza.app/$(BUNDLE_EXECUTABLE_FOLDER_PATH)/piazza";
			};
			name = Debug;
		};
		C6741A932D006CDE0014E953 /* Release */ = {
			isa = XCBuildConfiguration;
			buildSettings = {
				BUNDLE_LOADER = "$(TEST_HOST)";
				CODE_SIGN_STYLE = Automatic;
				CURRENT_PROJECT_VERSION = 1;
				DEVELOPMENT_TEAM = H5G4GEEUX3;
				GENERATE_INFOPLIST_FILE = YES;
				IPHONEOS_DEPLOYMENT_TARGET = 18.1;
				MARKETING_VERSION = 1.0;
				PRODUCT_BUNDLE_IDENTIFIER = com.itsgg.sample.piazzaTests;
				PRODUCT_NAME = "$(TARGET_NAME)";
				SWIFT_EMIT_LOC_STRINGS = NO;
				SWIFT_VERSION = 5.0;
				TARGETED_DEVICE_FAMILY = "1,2";
				TEST_HOST = "$(BUILT_PRODUCTS_DIR)/piazza.app/$(BUNDLE_EXECUTABLE_FOLDER_PATH)/piazza";
			};
			name = Release;
		};
		C6741A952D006CDE0014E953 /* Debug */ = {
			isa = XCBuildConfiguration;
			buildSettings = {
				CODE_SIGN_STYLE = Automatic;
				CURRENT_PROJECT_VERSION = 1;
				DEVELOPMENT_TEAM = H5G4GEEUX3;
				GENERATE_INFOPLIST_FILE = YES;
				MARKETING_VERSION = 1.0;
				PRODUCT_BUNDLE_IDENTIFIER = com.itsgg.sample.piazzaUITests;
				PRODUCT_NAME = "$(TARGET_NAME)";
				SWIFT_EMIT_LOC_STRINGS = NO;
				SWIFT_VERSION = 5.0;
				TARGETED_DEVICE_FAMILY = "1,2";
				TEST_TARGET_NAME = piazza;
			};
			name = Debug;
		};
		C6741A962D006CDE0014E953 /* Release */ = {
			isa = XCBuildConfiguration;
			buildSettings = {
				CODE_SIGN_STYLE = Automatic;
				CURRENT_PROJECT_VERSION = 1;
				DEVELOPMENT_TEAM = H5G4GEEUX3;
				GENERATE_INFOPLIST_FILE = YES;
				MARKETING_VERSION = 1.0;
				PRODUCT_BUNDLE_IDENTIFIER = com.itsgg.sample.piazzaUITests;
				PRODUCT_NAME = "$(TARGET_NAME)";
				SWIFT_EMIT_LOC_STRINGS = NO;
				SWIFT_VERSION = 5.0;
				TARGETED_DEVICE_FAMILY = "1,2";
				TEST_TARGET_NAME = piazza;
			};
			name = Release;
		};
/* End XCBuildConfiguration section */

/* Begin XCConfigurationList section */
		C6741A5E2D006CDC0014E953 /* Build configuration list for PBXProject "piazza" */ = {
			isa = XCConfigurationList;
			buildConfigurations = (
				C6741A8F2D006CDE0014E953 /* Debug */,
				C6741A902D006CDE0014E953 /* Release */,
			);
			defaultConfigurationIsVisible = 0;
			defaultConfigurationName = Release;
		};
		C6741A8C2D006CDE0014E953 /* Build configuration list for PBXNativeTarget "piazza" */ = {
			isa = XCConfigurationList;
			buildConfigurations = (
				C6741A8D2D006CDE0014E953 /* Debug */,
				C6741A8E2D006CDE0014E953 /* Release */,
			);
			defaultConfigurationIsVisible = 0;
			defaultConfigurationName = Release;
		};
		C6741A912D006CDE0014E953 /* Build configuration list for PBXNativeTarget "piazzaTests" */ = {
			isa = XCConfigurationList;
			buildConfigurations = (
				C6741A922D006CDE0014E953 /* Debug */,
				C6741A932D006CDE0014E953 /* Release */,
			);
			defaultConfigurationIsVisible = 0;
			defaultConfigurationName = Release;
		};
		C6741A942D006CDE0014E953 /* Build configuration list for PBXNativeTarget "piazzaUITests" */ = {
			isa = XCConfigurationList;
			buildConfigurations = (
				C6741A952D006CDE0014E953 /* Debug */,
				C6741A962D006CDE0014E953 /* Release */,
			);
			defaultConfigurationIsVisible = 0;
			defaultConfigurationName = Release;
		};
/* End XCConfigurationList section */

/* Begin XCRemoteSwiftPackageReference section */
		C6D4D2672D006DEB00C2F731 /* XCRemoteSwiftPackageReference "turbo-ios" */ = {
			isa = XCRemoteSwiftPackageReference;
			repositoryURL = "https://github.com/hotwired/turbo-ios";
			requirement = {
				branch = main;
				kind = branch;
			};
		};
		C6D4D2682D006DFA00C2F731 /* XCRemoteSwiftPackageReference "strada-ios" */ = {
			isa = XCRemoteSwiftPackageReference;
			repositoryURL = "https://github.com/hotwired/strada-ios";
			requirement = {
				branch = main;
				kind = branch;
			};
		};
/* End XCRemoteSwiftPackageReference section */
	};
	rootObject = C6741A5B2D006CDC0014E953 /* Project object */;
}
